
Microsoft Visual Studio Solution File, Format Version 12.00
# Visual Studio Version 17
VisualStudioVersion = 17.14.36414.22 d17.14
MinimumVisualStudioVersion = 10.0.40219.1
Project("{8BC9CEB8-8B4A-11D0-8D11-00A0C91BC942}") = "Tad", "Tad\Tad.vcxproj", "{DB2F9350-B519-4F8C-B3C6-C8519A34CF13}"
EndProject
Global
	GlobalSection(SolutionConfigurationPlatforms) = preSolution
		Debug|x64 = Debug|x64
		Debug|x86 = Debug|x86
		Release|x64 = Release|x64
		Release|x86 = Release|x86
	EndGlobalSection
	GlobalSection(ProjectConfigurationPlatforms) = postSolution
		{DB2F9350-B519-4F8C-B3C6-C8519A34CF13}.Debug|x64.ActiveCfg = Debug|x64
		{DB2F9350-B519-4F8C-B3C6-C8519A34CF13}.Debug|x64.Build.0 = Debug|x64
		{DB2F9350-B519-4F8C-B3C6-C8519A34CF13}.Debug|x86.ActiveCfg = Debug|Win32
		{DB2F9350-B519-4F8C-B3C6-C8519A34CF13}.Debug|x86.Build.0 = Debug|Win32
		{DB2F9350-B519-4F8C-B3C6-C8519A34CF13}.Release|x64.ActiveCfg = Release|x64
		{DB2F9350-B519-4F8C-B3C6-C8519A34CF13}.Release|x64.Build.0 = Release|x64
		{DB2F9350-B519-4F8C-B3C6-C8519A34CF13}.Release|x86.ActiveCfg = Release|Win32
		{DB2F9350-B519-4F8C-B3C6-C8519A34CF13}.Release|x86.Build.0 = Release|Win32
	EndGlobalSection
	GlobalSection(SolutionProperties) = preSolution
		HideSolutionNode = FALSE
	EndGlobalSection
	GlobalSection(ExtensibilityGlobals) = postSolution
		SolutionGuid = {34ED455C-06B0-4792-8B97-BD6C43022725}
	EndGlobalSection
EndGlobal
